
Microsoft Visual Studio Solution File, Format Version 12.00
# Visual Studio 15
VisualStudioVersion = 15.0.28307.271
MinimumVisualStudioVersion = 10.0.40219.1
Project("{8BC9CEB8-8B4A-11D0-8D11-00A0C91BC942}") = "Sokobonv2", "Sokobonv2.vcxproj", "{6DE02673-7251-419B-BBDA-9DB4AC91137A}"
EndProject
Global
	GlobalSection(SolutionConfigurationPlatforms) = preSolution
		Debug|x64 = Debug|x64
		Debug|x86 = Debug|x86
		Release|x64 = Release|x64
		Release|x86 = Release|x86
	EndGlobalSection
	GlobalSection(ProjectConfigurationPlatforms) = postSolution
		{6DE02673-7251-419B-BBDA-9DB4AC91137A}.Debug|x64.ActiveCfg = Debug|x64
		{6DE02673-7251-419B-BBDA-9DB4AC91137A}.Debug|x64.Build.0 = Debug|x64
		{6DE02673-7251-419B-BBDA-9DB4AC91137A}.Debug|x86.ActiveCfg = Debug|Win32
		{6DE02673-7251-419B-BBDA-9DB4AC91137A}.Debug|x86.Build.0 = Debug|Win32
		{6DE02673-7251-419B-BBDA-9DB4AC91137A}.Release|x64.ActiveCfg = Release|x64
		{6DE02673-7251-419B-BBDA-9DB4AC91137A}.Release|x64.Build.0 = Release|x64
		{6DE02673-7251-419B-BBDA-9DB4AC91137A}.Release|x86.ActiveCfg = Release|Win32
		{6DE02673-7251-419B-BBDA-9DB4AC91137A}.Release|x86.Build.0 = Release|Win32
	EndGlobalSection
	GlobalSection(SolutionProperties) = preSolution
		HideSolutionNode = FALSE
	EndGlobalSection
	GlobalSection(ExtensibilityGlobals) = postSolution
		SolutionGuid = {F976F886-CFA7-47CE-BD5B-F76B33AA9DE5}
	EndGlobalSection
EndGlobal
